
Microsoft Visual Studio Solution File, Format Version 12.00
# Visual Studio Version 17
VisualStudioVersion = 17.14.36414.22 d17.14
MinimumVisualStudioVersion = 10.0.40219.1
Project("{FAE04EC0-301F-11D3-BF4B-00C04F79EFBC}") = "Events.Api", "Events.Api\Events.Api.csproj", "{EE5E22DB-C088-4D20-9E29-A0F0060C10C2}"
EndProject
Project("{FAE04EC0-301F-11D3-BF4B-00C04F79EFBC}") = "Events.Domain", "Events.Domain\Events.Domain.csproj", "{A95112DE-887B-4413-9E7D-BB293AD7714E}"
EndProject
Global
	GlobalSection(SolutionConfigurationPlatforms) = preSolution
		Debug|Any CPU = Debug|Any CPU
		Release|Any CPU = Release|Any CPU
	EndGlobalSection
	GlobalSection(ProjectConfigurationPlatforms) = postSolution
		{EE5E22DB-C088-4D20-9E29-A0F0060C10C2}.Debug|Any CPU.ActiveCfg = Debug|Any CPU
		{EE5E22DB-C088-4D20-9E29-A0F0060C10C2}.Debug|Any CPU.Build.0 = Debug|Any CPU
		{EE5E22DB-C088-4D20-9E29-A0F0060C10C2}.Release|Any CPU.ActiveCfg = Release|Any CPU
		{EE5E22DB-C088-4D20-9E29-A0F0060C10C2}.Release|Any CPU.Build.0 = Release|Any CPU
		{A95112DE-887B-4413-9E7D-BB293AD7714E}.Debug|Any CPU.ActiveCfg = Debug|Any CPU
		{A95112DE-887B-4413-9E7D-BB293AD7714E}.Debug|Any CPU.Build.0 = Debug|Any CPU
		{A95112DE-887B-4413-9E7D-BB293AD7714E}.Release|Any CPU.ActiveCfg = Release|Any CPU
		{A95112DE-887B-4413-9E7D-BB293AD7714E}.Release|Any CPU.Build.0 = Release|Any CPU
	EndGlobalSection
	GlobalSection(SolutionProperties) = preSolution
		HideSolutionNode = FALSE
	EndGlobalSection
	GlobalSection(ExtensibilityGlobals) = postSolution
		SolutionGuid = {B8DF08BB-3D9C-4156-A801-AD6959C6422F}
	EndGlobalSection
EndGlobal
