
Microsoft Visual Studio Solution File, Format Version 12.00
# Visual Studio Version 17
VisualStudioVersion = 17.14.36414.22 d17.14
MinimumVisualStudioVersion = 10.0.40219.1
Project("{FAE04EC0-301F-11D3-BF4B-00C04F79EFBC}") = "Users.Api", "Users.Api\Users.Api.csproj", "{687C7AB5-6701-4050-8CE3-20DE8DF0A8F5}"
EndProject
Global
	GlobalSection(SolutionConfigurationPlatforms) = preSolution
		Debug|Any CPU = Debug|Any CPU
		Release|Any CPU = Release|Any CPU
	EndGlobalSection
	GlobalSection(ProjectConfigurationPlatforms) = postSolution
		{687C7AB5-6701-4050-8CE3-20DE8DF0A8F5}.Debug|Any CPU.ActiveCfg = Debug|Any CPU
		{687C7AB5-6701-4050-8CE3-20DE8DF0A8F5}.Debug|Any CPU.Build.0 = Debug|Any CPU
		{687C7AB5-6701-4050-8CE3-20DE8DF0A8F5}.Release|Any CPU.ActiveCfg = Release|Any CPU
		{687C7AB5-6701-4050-8CE3-20DE8DF0A8F5}.Release|Any CPU.Build.0 = Release|Any CPU
	EndGlobalSection
	GlobalSection(SolutionProperties) = preSolution
		HideSolutionNode = FALSE
	EndGlobalSection
	GlobalSection(ExtensibilityGlobals) = postSolution
		SolutionGuid = {777EBA7D-95FA-4C33-BED8-16D7C70877BC}
	EndGlobalSection
EndGlobal
